
Microsoft Visual Studio Solution File, Format Version 12.00
# Visual Studio Version 17
VisualStudioVersion = 17.4.33213.308
MinimumVisualStudioVersion = 10.0.40219.1
Project("{FAE04EC0-301F-11D3-BF4B-00C04F79EFBC}") = "Assignment1", "Assignment1\Assignment1.csproj", "{BC7F2F21-D188-4E3D-BF59-483FD2B59C04}"
EndProject
Global
	GlobalSection(SolutionConfigurationPlatforms) = preSolution
		Debug|Any CPU = Debug|Any CPU
		Release|Any CPU = Release|Any CPU
	EndGlobalSection
	GlobalSection(ProjectConfigurationPlatforms) = postSolution
		{BC7F2F21-D188-4E3D-BF59-483FD2B59C04}.Debug|Any CPU.ActiveCfg = Debug|Any CPU
		{BC7F2F21-D188-4E3D-BF59-483FD2B59C04}.Debug|Any CPU.Build.0 = Debug|Any CPU
		{BC7F2F21-D188-4E3D-BF59-483FD2B59C04}.Release|Any CPU.ActiveCfg = Release|Any CPU
		{BC7F2F21-D188-4E3D-BF59-483FD2B59C04}.Release|Any CPU.Build.0 = Release|Any CPU
	EndGlobalSection
	GlobalSection(SolutionProperties) = preSolution
		HideSolutionNode = FALSE
	EndGlobalSection
	GlobalSection(ExtensibilityGlobals) = postSolution
		SolutionGuid = {4C2D4FA6-91B9-4986-8589-A963499791BE}
	EndGlobalSection
EndGlobal
